
Microsoft Visual Studio Solution File, Format Version 12.00
Project("{FAE04EC0-301F-11D3-BF4B-00C04F79EFBC}") = "CompWeek.Domain", "CompWeek.Domain\CompWeek.Domain.csproj", "{B66709B1-5DFD-43B2-AE78-074CB36A6D5A}"
EndProject
Project("{FAE04EC0-301F-11D3-BF4B-00C04F79EFBC}") = "CompWeek.Infrastructure", "CompWeek.Infrastructure\CompWeek.Infrastructure.csproj", "{7B1F5E6D-6AA5-4161-B4E1-E6763DE7E773}"
EndProject
Project("{2150E333-8FDC-42A3-9474-1A3956D46DE8}") = "Libs", "Libs", "{7A279344-77F8-4E52-9F37-BBB237F3288B}"
EndProject
Project("{FAE04EC0-301F-11D3-BF4B-00C04F79EFBC}") = "CompWeek.Api", "CompWeek.Api\CompWeek.Api.csproj", "{2ABCBEF0-287F-423A-873A-8C8A1EBEEC09}"
EndProject
Project("{FAE04EC0-301F-11D3-BF4B-00C04F79EFBC}") = "CompWeek.Web", "CompWeek.Web\CompWeek.Web.csproj", "{01F7B458-2C73-4563-B3FC-6BBC78E24643}"
EndProject
Project("{2150E333-8FDC-42A3-9474-1A3956D46DE8}") = "Server", "Server", "{CA37F4DA-A420-4BBC-A1BB-9EE5C24B5C34}"
EndProject
Project("{2150E333-8FDC-42A3-9474-1A3956D46DE8}") = "Client", "Client", "{4A96F8A5-6B10-4F62-A718-4CAAFF458B07}"
EndProject
Project("{FAE04EC0-301F-11D3-BF4B-00C04F79EFBC}") = "CompWeek.Identity", "CompWeek.Identity\CompWeek.Identity.csproj", "{D99C956C-CE1F-49F2-AE55-4BEF87498B77}"
EndProject
Global
	GlobalSection(SolutionConfigurationPlatforms) = preSolution
		Debug|Any CPU = Debug|Any CPU
		Release|Any CPU = Release|Any CPU
	EndGlobalSection
	GlobalSection(ProjectConfigurationPlatforms) = postSolution
		{B66709B1-5DFD-43B2-AE78-074CB36A6D5A}.Debug|Any CPU.ActiveCfg = Debug|Any CPU
		{B66709B1-5DFD-43B2-AE78-074CB36A6D5A}.Debug|Any CPU.Build.0 = Debug|Any CPU
		{B66709B1-5DFD-43B2-AE78-074CB36A6D5A}.Release|Any CPU.ActiveCfg = Release|Any CPU
		{B66709B1-5DFD-43B2-AE78-074CB36A6D5A}.Release|Any CPU.Build.0 = Release|Any CPU
		{7B1F5E6D-6AA5-4161-B4E1-E6763DE7E773}.Debug|Any CPU.ActiveCfg = Debug|Any CPU
		{7B1F5E6D-6AA5-4161-B4E1-E6763DE7E773}.Debug|Any CPU.Build.0 = Debug|Any CPU
		{7B1F5E6D-6AA5-4161-B4E1-E6763DE7E773}.Release|Any CPU.ActiveCfg = Release|Any CPU
		{7B1F5E6D-6AA5-4161-B4E1-E6763DE7E773}.Release|Any CPU.Build.0 = Release|Any CPU
		{2ABCBEF0-287F-423A-873A-8C8A1EBEEC09}.Debug|Any CPU.ActiveCfg = Debug|Any CPU
		{2ABCBEF0-287F-423A-873A-8C8A1EBEEC09}.Debug|Any CPU.Build.0 = Debug|Any CPU
		{2ABCBEF0-287F-423A-873A-8C8A1EBEEC09}.Release|Any CPU.ActiveCfg = Release|Any CPU
		{2ABCBEF0-287F-423A-873A-8C8A1EBEEC09}.Release|Any CPU.Build.0 = Release|Any CPU
		{01F7B458-2C73-4563-B3FC-6BBC78E24643}.Debug|Any CPU.ActiveCfg = Debug|Any CPU
		{01F7B458-2C73-4563-B3FC-6BBC78E24643}.Debug|Any CPU.Build.0 = Debug|Any CPU
		{01F7B458-2C73-4563-B3FC-6BBC78E24643}.Release|Any CPU.ActiveCfg = Release|Any CPU
		{01F7B458-2C73-4563-B3FC-6BBC78E24643}.Release|Any CPU.Build.0 = Release|Any CPU
		{D99C956C-CE1F-49F2-AE55-4BEF87498B77}.Debug|Any CPU.ActiveCfg = Debug|Any CPU
		{D99C956C-CE1F-49F2-AE55-4BEF87498B77}.Debug|Any CPU.Build.0 = Debug|Any CPU
		{D99C956C-CE1F-49F2-AE55-4BEF87498B77}.Release|Any CPU.ActiveCfg = Release|Any CPU
		{D99C956C-CE1F-49F2-AE55-4BEF87498B77}.Release|Any CPU.Build.0 = Release|Any CPU
	EndGlobalSection
	GlobalSection(NestedProjects) = preSolution
		{B66709B1-5DFD-43B2-AE78-074CB36A6D5A} = {7A279344-77F8-4E52-9F37-BBB237F3288B}
		{7B1F5E6D-6AA5-4161-B4E1-E6763DE7E773} = {7A279344-77F8-4E52-9F37-BBB237F3288B}
		{2ABCBEF0-287F-423A-873A-8C8A1EBEEC09} = {CA37F4DA-A420-4BBC-A1BB-9EE5C24B5C34}
		{01F7B458-2C73-4563-B3FC-6BBC78E24643} = {4A96F8A5-6B10-4F62-A718-4CAAFF458B07}
		{D99C956C-CE1F-49F2-AE55-4BEF87498B77} = {CA37F4DA-A420-4BBC-A1BB-9EE5C24B5C34}
	EndGlobalSection
EndGlobal
